
Microsoft Visual Studio Solution File, Format Version 12.00
# Visual Studio Version 17
VisualStudioVersion = 17.0.32014.148
MinimumVisualStudioVersion = 10.0.40219.1
Project("{FAE04EC0-301F-11D3-BF4B-00C04F79EFBC}") = "Sort-V1", "Sort-V1\Sort-V1.csproj", "{1B607A89-17B5-4F70-B771-FB6A298292EA}"
EndProject
Global
	GlobalSection(SolutionConfigurationPlatforms) = preSolution
		Debug|Any CPU = Debug|Any CPU
		Release|Any CPU = Release|Any CPU
	EndGlobalSection
	GlobalSection(ProjectConfigurationPlatforms) = postSolution
		{1B607A89-17B5-4F70-B771-FB6A298292EA}.Debug|Any CPU.ActiveCfg = Debug|Any CPU
		{1B607A89-17B5-4F70-B771-FB6A298292EA}.Debug|Any CPU.Build.0 = Debug|Any CPU
		{1B607A89-17B5-4F70-B771-FB6A298292EA}.Release|Any CPU.ActiveCfg = Release|Any CPU
		{1B607A89-17B5-4F70-B771-FB6A298292EA}.Release|Any CPU.Build.0 = Release|Any CPU
	EndGlobalSection
	GlobalSection(SolutionProperties) = preSolution
		HideSolutionNode = FALSE
	EndGlobalSection
	GlobalSection(ExtensibilityGlobals) = postSolution
		SolutionGuid = {D9CB7876-F454-427A-A2B5-D0132C2B29E7}
	EndGlobalSection
EndGlobal
